
Microsoft Visual Studio Solution File, Format Version 12.00
# Visual Studio Version 17
VisualStudioVersion = 17.10.35013.160
MinimumVisualStudioVersion = 10.0.40219.1
Project("{FAE04EC0-301F-11D3-BF4B-00C04F79EFBC}") = "CodeTestGSI", "CodeTestGSI\CodeTestGSI.csproj", "{2207F879-7542-417A-93CB-48FB13E9C9E8}"
EndProject
Global
	GlobalSection(SolutionConfigurationPlatforms) = preSolution
		Debug|Any CPU = Debug|Any CPU
		Release|Any CPU = Release|Any CPU
	EndGlobalSection
	GlobalSection(ProjectConfigurationPlatforms) = postSolution
		{2207F879-7542-417A-93CB-48FB13E9C9E8}.Debug|Any CPU.ActiveCfg = Debug|Any CPU
		{2207F879-7542-417A-93CB-48FB13E9C9E8}.Debug|Any CPU.Build.0 = Debug|Any CPU
		{2207F879-7542-417A-93CB-48FB13E9C9E8}.Release|Any CPU.ActiveCfg = Release|Any CPU
		{2207F879-7542-417A-93CB-48FB13E9C9E8}.Release|Any CPU.Build.0 = Release|Any CPU
	EndGlobalSection
	GlobalSection(SolutionProperties) = preSolution
		HideSolutionNode = FALSE
	EndGlobalSection
	GlobalSection(ExtensibilityGlobals) = postSolution
		SolutionGuid = {0C68C3E6-E993-4F48-AB0F-D8E5E8331DF4}
	EndGlobalSection
EndGlobal
